
Microsoft Visual Studio Solution File, Format Version 12.00
# Visual Studio 15
VisualStudioVersion = 15.0.28307.329
MinimumVisualStudioVersion = 10.0.40219.1
Project("{FAE04EC0-301F-11D3-BF4B-00C04F79EFBC}") = "FindConflictingAppointments", "FindConflictingAppointments\FindConflictingAppointments.csproj", "{7480D4AC-90B7-4C9C-9620-E2117F55B87A}"
EndProject
Global
	GlobalSection(SolutionConfigurationPlatforms) = preSolution
		Debug|Any CPU = Debug|Any CPU
		Release|Any CPU = Release|Any CPU
	EndGlobalSection
	GlobalSection(ProjectConfigurationPlatforms) = postSolution
		{7480D4AC-90B7-4C9C-9620-E2117F55B87A}.Debug|Any CPU.ActiveCfg = Debug|Any CPU
		{7480D4AC-90B7-4C9C-9620-E2117F55B87A}.Debug|Any CPU.Build.0 = Debug|Any CPU
		{7480D4AC-90B7-4C9C-9620-E2117F55B87A}.Release|Any CPU.ActiveCfg = Release|Any CPU
		{7480D4AC-90B7-4C9C-9620-E2117F55B87A}.Release|Any CPU.Build.0 = Release|Any CPU
	EndGlobalSection
	GlobalSection(SolutionProperties) = preSolution
		HideSolutionNode = FALSE
	EndGlobalSection
	GlobalSection(ExtensibilityGlobals) = postSolution
		SolutionGuid = {25E9036B-DAA8-4696-8965-8BFD2B286405}
	EndGlobalSection
EndGlobal
